Microsoft Visual Studio Solution File, Format Version 12.00
# Visual Studio Version 17
VisualStudioVersion = 17.0.31903.59
MinimumVisualStudioVersion = 10.0.40219.1

Project("{FAE04EC0-301F-11D3-BF4B-00C04F79EFBC}") = "PaperlessDocumentManagement.DataAccessLayer", "src\PaperlessDocumentManagement.DataAccessLayer\PaperlessDocumentManagement.DataAccessLayer.csproj", "{GUID1}"
EndProject
Project("{FAE04EC0-301F-11D3-BF4B-00C04F79EFBC}") = "PaperlessDocumentManagement.BusinessServices", "src\PaperlessDocumentManagement.BusinessServices\PaperlessDocumentManagement.BusinessServices.csproj", "{GUID2}"
EndProject
Project("{FAE04EC0-301F-11D3-BF4B-00C04F79EFBC}") = "PaperlessDocumentManagement.DataAccessLayer.Tests", "tests\PaperlessDocumentManagement.DataAccessLayer.Tests\PaperlessDocumentManagement.DataAccessLayer.Tests.csproj", "{GUID3}"
EndProject
Project("{FAE04EC0-301F-11D3-BF4B-00C04F79EFBC}") = "PaperlessDocumentManagement.BusinessServices.Tests", "tests\PaperlessDocumentManagement.BusinessServices.Tests\PaperlessDocumentManagement.BusinessServices.Tests.csproj", "{GUID4}"
EndProject
Project("{FAE04EC0-301F-11D3-BF4B-00C04F79EFBC}") = "PaperlessDocumentManagement.Web", "src\PaperlessDocumentManagement.Web\PaperlessDocumentManagement.Web.csproj", "{GUID5}"
EndProject
Project("{FAE04EC0-301F-11D3-BF4B-00C04F79EFBC}") = "PaperlessDocumentManagement.Web.Tests", "tests\PaperlessDocumentManagement.Web.Tests\PaperlessDocumentManagement.Web.Tests.csproj", "{GUID6}"
EndProject